{
  "name": "ts_globals",
  "version": "1.0.0",
  "lockfileVersion": 1,
  "requires": true,
  "dependencies": {
    "@types/react": {
      "version": "16.0.5",
      "resolved": "https://registry.npmjs.org/@types/react/-/react-16.0.5.tgz",
      "integrity": "sha512-Wo/JT6Cpl7XuLA1Ov2M2Rso4Tep7rX6h1csbqhNDaSxqeY8nxUbrDkT6vJrKVu+7tw7vmJP9libZSReV9GsG9A==",
      "dev": true
    },
    "@types/react-dom": {
      "version": "15.5.4",
      "resolved": "https://registry.npmjs.org/@types/react-dom/-/react-dom-15.5.4.tgz",
      "integrity": "sha512-70jxjspCatgOXpRptyp/T8bag5prWMvd/rjc5trY3xiKQJOFfWMxGI8pSEJMHi9KQRAhpiLCbJLzcbVFX/nw2w==",
      "dev": true,
      "requires": {
        "@types/react": "16.0.5"
      }
    },
    "typescript": {
      "version": "2.5.2",
      "resolved": "https://registry.npmjs.org/typescript/-/typescript-2.5.2.tgz",
      "integrity": "sha1-A4qV99m7tCCxvzW6MdTFwd0//jQ=",
      "dev": true
    }
  }
}
